
Microsoft Visual Studio Solution File, Format Version 12.00
# Visual Studio Version 16
VisualStudioVersion = 16.0.30011.22
MinimumVisualStudioVersion = 10.0.40219.1
Project("{FAE04EC0-301F-11D3-BF4B-00C04F79EFBC}") = "KeybordSimulator", "KeybordSimulator\KeybordSimulator.csproj", "{408110D7-C4F9-40BE-A773-703816A8BAD4}"
EndProject
Global
	GlobalSection(SolutionConfigurationPlatforms) = preSolution
		Debug|Any CPU = Debug|Any CPU
		Release|Any CPU = Release|Any CPU
	EndGlobalSection
	GlobalSection(ProjectConfigurationPlatforms) = postSolution
		{408110D7-C4F9-40BE-A773-703816A8BAD4}.Debug|Any CPU.ActiveCfg = Debug|Any CPU
		{408110D7-C4F9-40BE-A773-703816A8BAD4}.Debug|Any CPU.Build.0 = Debug|Any CPU
		{408110D7-C4F9-40BE-A773-703816A8BAD4}.Release|Any CPU.ActiveCfg = Release|Any CPU
		{408110D7-C4F9-40BE-A773-703816A8BAD4}.Release|Any CPU.Build.0 = Release|Any CPU
	EndGlobalSection
	GlobalSection(SolutionProperties) = preSolution
		HideSolutionNode = FALSE
	EndGlobalSection
	GlobalSection(ExtensibilityGlobals) = postSolution
		SolutionGuid = {8F52CF69-6C6A-4D35-B5D7-579606565506}
	EndGlobalSection
EndGlobal
